
Microsoft Visual Studio Solution File, Format Version 12.00
# Visual Studio Version 17
VisualStudioVersion = 17.7.34202.233
MinimumVisualStudioVersion = 10.0.40219.1
Project("{9A19103F-16F7-4668-BE54-9A1E7A4F7556}") = "SuperHeroApiDotNet7", "SuperHeroApiDotNet7\SuperHeroApiDotNet7.csproj", "{DF4EF485-E746-4123-B494-98F5BAAF7747}"
EndProject
Global
	GlobalSection(SolutionConfigurationPlatforms) = preSolution
		Debug|Any CPU = Debug|Any CPU
		Release|Any CPU = Release|Any CPU
	EndGlobalSection
	GlobalSection(ProjectConfigurationPlatforms) = postSolution
		{DF4EF485-E746-4123-B494-98F5BAAF7747}.Debug|Any CPU.ActiveCfg = Debug|Any CPU
		{DF4EF485-E746-4123-B494-98F5BAAF7747}.Debug|Any CPU.Build.0 = Debug|Any CPU
		{DF4EF485-E746-4123-B494-98F5BAAF7747}.Release|Any CPU.ActiveCfg = Release|Any CPU
		{DF4EF485-E746-4123-B494-98F5BAAF7747}.Release|Any CPU.Build.0 = Release|Any CPU
	EndGlobalSection
	GlobalSection(SolutionProperties) = preSolution
		HideSolutionNode = FALSE
	EndGlobalSection
	GlobalSection(ExtensibilityGlobals) = postSolution
		SolutionGuid = {87D1F427-229E-4888-BE92-6588C7EF4E4D}
	EndGlobalSection
EndGlobal
